// !$*UTF8*$!
{
	archiveVersion = 1;
	classes = {
	};
	objectVersion = 46;
	objects = {

/* Begin PBXBuildFile section */
		25C850FB447A252FB7711630 /* Pods_IBFiP01ShowingAModal.framework in Frameworks */ = {isa = PBXBuildFile; fileRef = 7EAA66664AC230C5963492A6 /* Pods_IBFiP01ShowingAModal.framework */; };
		8A246E3E1DF07DBF00A06522 /* PillButton.swift in Sources */ = {isa = PBXBuildFile; fileRef = 8A246E3D1DF07DBF00A06522 /* PillButton.swift */; };
		8A246E401DF09DFA00A06522 /* AppFont.swift in Sources */ = {isa = PBXBuildFile; fileRef = 8A246E3F1DF09DFA00A06522 /* AppFont.swift */; };
		8A247B2E1DEF1D5B003A3FF2 /* AppDelegate.swift in Sources */ = {isa = PBXBuildFile; fileRef = 8A247B2D1DEF1D5B003A3FF2 /* AppDelegate.swift */; };
		8A247B351DEF1D5B003A3FF2 /* Assets.xcassets in Resources */ = {isa = PBXBuildFile; fileRef = 8A247B341DEF1D5B003A3FF2 /* Assets.xcassets */; };
		8A247B401DEF1D79003A3FF2 /* MainViewController.swift in Sources */ = {isa = PBXBuildFile; fileRef = 8A247B3F1DEF1D79003A3FF2 /* MainViewController.swift */; };
		8A8C776E1DEF7AC500A7625E /* AppColor.swift in Sources */ = {isa = PBXBuildFile; fileRef = 8A8C776D1DEF7AC500A7625E /* AppColor.swift */; };
		8AAD331F1DF1F40B006D58BB /* SimpleMessageViewController.swift in Sources */ = {isa = PBXBuildFile; fileRef = 8AAD331E1DF1F40B006D58BB /* SimpleMessageViewController.swift */; };
		8AD657D21DF0D0CB007793DA /* DismisslButton.swift in Sources */ = {isa = PBXBuildFile; fileRef = 8AD657D11DF0D0CB007793DA /* DismisslButton.swift */; };
		8AD657D41DF0D874007793DA /* ModalView.swift in Sources */ = {isa = PBXBuildFile; fileRef = 8AD657D31DF0D874007793DA /* ModalView.swift */; };
		8AD657D61DF0DB5A007793DA /* ModalViewController.swift in Sources */ = {isa = PBXBuildFile; fileRef = 8AD657D51DF0DB5A007793DA /* ModalViewController.swift */; };
/* End PBXBuildFile section */

/* Begin PBXFileReference section */
		426570B72415495F160EA1D0 /* Pods-IBFiP01ShowingAModal.release.xcconfig */ = {isa = PBXFileReference; includeInIndex = 1; lastKnownFileType = text.xcconfig; name = "Pods-IBFiP01ShowingAModal.release.xcconfig"; path = "Pods/Target Support Files/Pods-IBFiP01ShowingAModal/Pods-IBFiP01ShowingAModal.release.xcconfig"; sourceTree = "<group>"; };
		7EAA66664AC230C5963492A6 /* Pods_IBFiP01ShowingAModal.framework */ = {isa = PBXFileReference; explicitFileType = wrapper.framework; includeInIndex = 0; path = Pods_IBFiP01ShowingAModal.framework; sourceTree = BUILT_PRODUCTS_DIR; };
		8A246E3D1DF07DBF00A06522 /* PillButton.swift */ = {isa = PBXFileReference; fileEncoding = 4; lastKnownFileType = sourcecode.swift; path = PillButton.swift; sourceTree = "<group>"; };
		8A246E3F1DF09DFA00A06522 /* AppFont.swift */ = {isa = PBXFileReference; fileEncoding = 4; lastKnownFileType = sourcecode.swift; path = AppFont.swift; sourceTree = "<group>"; };
		8A247B2A1DEF1D5B003A3FF2 /* IBFiP01ShowingAModal.app */ = {isa = PBXFileReference; explicitFileType = wrapper.application; includeInIndex = 0; path = IBFiP01ShowingAModal.app; sourceTree = BUILT_PRODUCTS_DIR; };
		8A247B2D1DEF1D5B003A3FF2 /* AppDelegate.swift */ = {isa = PBXFileReference; lastKnownFileType = sourcecode.swift; path = AppDelegate.swift; sourceTree = "<group>"; };
		8A247B341DEF1D5B003A3FF2 /* Assets.xcassets */ = {isa = PBXFileReference; lastKnownFileType = folder.assetcatalog; path = Assets.xcassets; sourceTree = "<group>"; };
		8A247B391DEF1D5B003A3FF2 /* Info.plist */ = {isa = PBXFileReference; lastKnownFileType = text.plist.xml; path = Info.plist; sourceTree = "<group>"; };
		8A247B3F1DEF1D79003A3FF2 /* MainViewController.swift */ = {isa = PBXFileReference; fileEncoding = 4; lastKnownFileType = sourcecode.swift; path = MainViewController.swift; sourceTree = "<group>"; };
		8A8C776D1DEF7AC500A7625E /* AppColor.swift */ = {isa = PBXFileReference; fileEncoding = 4; lastKnownFileType = sourcecode.swift; path = AppColor.swift; sourceTree = "<group>"; };
		8AAD331E1DF1F40B006D58BB /* SimpleMessageViewController.swift */ = {isa = PBXFileReference; fileEncoding = 4; lastKnownFileType = sourcecode.swift; path = SimpleMessageViewController.swift; sourceTree = "<group>"; };
		8AD657D11DF0D0CB007793DA /* DismisslButton.swift */ = {isa = PBXFileReference; fileEncoding = 4; lastKnownFileType = sourcecode.swift; path = DismisslButton.swift; sourceTree = "<group>"; };
		8AD657D31DF0D874007793DA /* ModalView.swift */ = {isa = PBXFileReference; fileEncoding = 4; lastKnownFileType = sourcecode.swift; path = ModalView.swift; sourceTree = "<group>"; };
		8AD657D51DF0DB5A007793DA /* ModalViewController.swift */ = {isa = PBXFileReference; fileEncoding = 4; lastKnownFileType = sourcecode.swift; path = ModalViewController.swift; sourceTree = "<group>"; };
		DCBF6FFF7E22F9AF9D4A81DF /* Pods-IBFiP01ShowingAModal.debug.xcconfig */ = {isa = PBXFileReference; includeInIndex = 1; lastKnownFileType = text.xcconfig; name = "Pods-IBFiP01ShowingAModal.debug.xcconfig"; path = "Pods/Target Support Files/Pods-IBFiP01ShowingAModal/Pods-IBFiP01ShowingAModal.debug.xcconfig"; sourceTree = "<group>"; };
/* End PBXFileReference section */

/* Begin PBXFrameworksBuildPhase section */
		8A247B271DEF1D5B003A3FF2 /* Frameworks */ = {
			isa = PBXFrameworksBuildPhase;
			buildActionMask = 2147483647;
			files = (
				25C850FB447A252FB7711630 /* Pods_IBFiP01ShowingAModal.framework in Frameworks */,
			);
			runOnlyForDeploymentPostprocessing = 0;
		};
/* End PBXFrameworksBuildPhase section */

/* Begin PBXGroup section */
		7AB27A70C764870F760F8458 /* Pods */ = {
			isa = PBXGroup;
			children = (
				DCBF6FFF7E22F9AF9D4A81DF /* Pods-IBFiP01ShowingAModal.debug.xcconfig */,
				426570B72415495F160EA1D0 /* Pods-IBFiP01ShowingAModal.release.xcconfig */,
			);
			name = Pods;
			sourceTree = "<group>";
		};
		8A247B211DEF1D5B003A3FF2 = {
			isa = PBXGroup;
			children = (
				8A247B2C1DEF1D5B003A3FF2 /* IBFiP01ShowingAModal */,
				8A247B2B1DEF1D5B003A3FF2 /* Products */,
				7AB27A70C764870F760F8458 /* Pods */,
				CF2F893AE433F6DC8CACB0A8 /* Frameworks */,
			);
			sourceTree = "<group>";
		};
		8A247B2B1DEF1D5B003A3FF2 /* Products */ = {
			isa = PBXGroup;
			children = (
				8A247B2A1DEF1D5B003A3FF2 /* IBFiP01ShowingAModal.app */,
			);
			name = Products;
			sourceTree = "<group>";
		};
		8A247B2C1DEF1D5B003A3FF2 /* IBFiP01ShowingAModal */ = {
			isa = PBXGroup;
			children = (
				8A8C776B1DEF7A9D00A7625E /* Extensions  */,
				8A247B2D1DEF1D5B003A3FF2 /* AppDelegate.swift */,
				8AD657D11DF0D0CB007793DA /* DismisslButton.swift */,
				8A247B3F1DEF1D79003A3FF2 /* MainViewController.swift */,
				8AD657D31DF0D874007793DA /* ModalView.swift */,
				8AD657D51DF0DB5A007793DA /* ModalViewController.swift */,
				8A246E3D1DF07DBF00A06522 /* PillButton.swift */,
				8AAD331E1DF1F40B006D58BB /* SimpleMessageViewController.swift */,
				8A247B341DEF1D5B003A3FF2 /* Assets.xcassets */,
				8A247B391DEF1D5B003A3FF2 /* Info.plist */,
			);
			path = IBFiP01ShowingAModal;
			sourceTree = "<group>";
		};
		8A8C776B1DEF7A9D00A7625E /* Extensions  */ = {
			isa = PBXGroup;
			children = (
				8A8C776D1DEF7AC500A7625E /* AppColor.swift */,
				8A246E3F1DF09DFA00A06522 /* AppFont.swift */,
			);
			name = "Extensions ";
			sourceTree = "<group>";
		};
		CF2F893AE433F6DC8CACB0A8 /* Frameworks */ = {
			isa = PBXGroup;
			children = (
				7EAA66664AC230C5963492A6 /* Pods_IBFiP01ShowingAModal.framework */,
			);
			name = Frameworks;
			sourceTree = "<group>";
		};
/* End PBXGroup section */

/* Begin PBXNativeTarget section */
		8A247B291DEF1D5B003A3FF2 /* IBFiP01ShowingAModal */ = {
			isa = PBXNativeTarget;
			buildConfigurationList = 8A247B3C1DEF1D5B003A3FF2 /* Build configuration list for PBXNativeTarget "IBFiP01ShowingAModal" */;
			buildPhases = (
				61A585FBD8833DA8A8156B3A /* [CP] Check Pods Manifest.lock */,
				8A247B261DEF1D5B003A3FF2 /* Sources */,
				8A247B271DEF1D5B003A3FF2 /* Frameworks */,
				8A247B281DEF1D5B003A3FF2 /* Resources */,
				0D8A9A9CBA229F90367C4E57 /* [CP] Embed Pods Frameworks */,
				7A374DC5B8124F87F45611F9 /* [CP] Copy Pods Resources */,
			);
			buildRules = (
			);
			dependencies = (
			);
			name = IBFiP01ShowingAModal;
			productName = IBFiP01ShowingAModal;
			productReference = 8A247B2A1DEF1D5B003A3FF2 /* IBFiP01ShowingAModal.app */;
			productType = "com.apple.product-type.application";
		};
/* End PBXNativeTarget section */

/* Begin PBXProject section */
		8A247B221DEF1D5B003A3FF2 /* Project object */ = {
			isa = PBXProject;
			attributes = {
				LastSwiftUpdateCheck = 0810;
				LastUpgradeCheck = 0820;
				ORGANIZATIONNAME = Raizlabs;
				TargetAttributes = {
					8A247B291DEF1D5B003A3FF2 = {
						CreatedOnToolsVersion = 8.1;
						ProvisioningStyle = Automatic;
					};
				};
			};
			buildConfigurationList = 8A247B251DEF1D5B003A3FF2 /* Build configuration list for PBXProject "IBFiP01ShowingAModal" */;
			compatibilityVersion = "Xcode 3.2";
			developmentRegion = English;
			hasScannedForEncodings = 0;
			knownRegions = (
				en,
				Base,
			);
			mainGroup = 8A247B211DEF1D5B003A3FF2;
			productRefGroup = 8A247B2B1DEF1D5B003A3FF2 /* Products */;
			projectDirPath = "";
			projectRoot = "";
			targets = (
				8A247B291DEF1D5B003A3FF2 /* IBFiP01ShowingAModal */,
			);
		};
/* End PBXProject section */

/* Begin PBXResourcesBuildPhase section */
		8A247B281DEF1D5B003A3FF2 /* Resources */ = {
			isa = PBXResourcesBuildPhase;
			buildActionMask = 2147483647;
			files = (
				8A247B351DEF1D5B003A3FF2 /* Assets.xcassets in Resources */,
			);
			runOnlyForDeploymentPostprocessing = 0;
		};
/* End PBXResourcesBuildPhase section */

/* Begin PBXShellScriptBuildPhase section */
		0D8A9A9CBA229F90367C4E57 /* [CP] Embed Pods Frameworks */ = {
			isa = PBXShellScriptBuildPhase;
			buildActionMask = 2147483647;
			files = (
			);
			inputPaths = (
			);
			name = "[CP] Embed Pods Frameworks";
			outputPaths = (
			);
			runOnlyForDeploymentPostprocessing = 0;
			shellPath = /bin/sh;
			shellScript = "\"${SRCROOT}/Pods/Target Support Files/Pods-IBFiP01ShowingAModal/Pods-IBFiP01ShowingAModal-frameworks.sh\"\n";
			showEnvVarsInLog = 0;
		};
		61A585FBD8833DA8A8156B3A /* [CP] Check Pods Manifest.lock */ = {
			isa = PBXShellScriptBuildPhase;
			buildActionMask = 2147483647;
			files = (
			);
			inputPaths = (
			);
			name = "[CP] Check Pods Manifest.lock";
			outputPaths = (
			);
			runOnlyForDeploymentPostprocessing = 0;
			shellPath = /bin/sh;
			shellScript = "diff \"${PODS_ROOT}/../Podfile.lock\" \"${PODS_ROOT}/Manifest.lock\" > /dev/null\nif [ $? != 0 ] ; then\n    # print error to STDERR\n    echo \"error: The sandbox is not in sync with the Podfile.lock. Run 'pod install' or update your CocoaPods installation.\" >&2\n    exit 1\nfi\n";
			showEnvVarsInLog = 0;
		};
		7A374DC5B8124F87F45611F9 /* [CP] Copy Pods Resources */ = {
			isa = PBXShellScriptBuildPhase;
			buildActionMask = 2147483647;
			files = (
			);
			inputPaths = (
			);
			name = "[CP] Copy Pods Resources";
			outputPaths = (
			);
			runOnlyForDeploymentPostprocessing = 0;
			shellPath = /bin/sh;
			shellScript = "\"${SRCROOT}/Pods/Target Support Files/Pods-IBFiP01ShowingAModal/Pods-IBFiP01ShowingAModal-resources.sh\"\n";
			showEnvVarsInLog = 0;
		};
/* End PBXShellScriptBuildPhase section */

/* Begin PBXSourcesBuildPhase section */
		8A247B261DEF1D5B003A3FF2 /* Sources */ = {
			isa = PBXSourcesBuildPhase;
			buildActionMask = 2147483647;
			files = (
				8A246E3E1DF07DBF00A06522 /* PillButton.swift in Sources */,
				8AD657D21DF0D0CB007793DA /* DismisslButton.swift in Sources */,
				8AD657D41DF0D874007793DA /* ModalView.swift in Sources */,
				8A247B2E1DEF1D5B003A3FF2 /* AppDelegate.swift in Sources */,
				8A8C776E1DEF7AC500A7625E /* AppColor.swift in Sources */,
				8AAD331F1DF1F40B006D58BB /* SimpleMessageViewController.swift in Sources */,
				8A246E401DF09DFA00A06522 /* AppFont.swift in Sources */,
				8AD657D61DF0DB5A007793DA /* ModalViewController.swift in Sources */,
				8A247B401DEF1D79003A3FF2 /* MainViewController.swift in Sources */,
			);
			runOnlyForDeploymentPostprocessing = 0;
		};
/* End PBXSourcesBuildPhase section */

/* Begin XCBuildConfiguration section */
		8A247B3A1DEF1D5B003A3FF2 /* Debug */ = {
			isa = XCBuildConfiguration;
			buildSettings = {
				ALWAYS_SEARCH_USER_PATHS = NO;
				CLANG_ANALYZER_NONNULL = YES;
				CLANG_CXX_LANGUAGE_STANDARD = "gnu++0x";
				CLANG_CXX_LIBRARY = "libc++";
				CLANG_ENABLE_MODULES = YES;
				CLANG_ENABLE_OBJC_ARC = YES;
				CLANG_WARN_BOOL_CONVERSION = YES;
				CLANG_WARN_CONSTANT_CONVERSION = YES;
				CLANG_WARN_DIRECT_OBJC_ISA_USAGE = YES_ERROR;
				CLANG_WARN_DOCUMENTATION_COMMENTS = YES;
				CLANG_WARN_EMPTY_BODY = YES;
				CLANG_WARN_ENUM_CONVERSION = YES;
				CLANG_WARN_INFINITE_RECURSION = YES;
				CLANG_WARN_INT_CONVERSION = YES;
				CLANG_WARN_OBJC_ROOT_CLASS = YES_ERROR;
				CLANG_WARN_SUSPICIOUS_MOVE = YES;
				CLANG_WARN_SUSPICIOUS_MOVES = YES;
				CLANG_WARN_UNREACHABLE_CODE = YES;
				CLANG_WARN__DUPLICATE_METHOD_MATCH = YES;
				"CODE_SIGN_IDENTITY[sdk=iphoneos*]" = "iPhone Developer";
				COPY_PHASE_STRIP = NO;
				DEBUG_INFORMATION_FORMAT = dwarf;
				ENABLE_STRICT_OBJC_MSGSEND = YES;
				ENABLE_TESTABILITY = YES;
				GCC_C_LANGUAGE_STANDARD = gnu99;
				GCC_DYNAMIC_NO_PIC = NO;
				GCC_NO_COMMON_BLOCKS = YES;
				GCC_OPTIMIZATION_LEVEL = 0;
				GCC_PREPROCESSOR_DEFINITIONS = (
					"DEBUG=1",
					"$(inherited)",
				);
				GCC_WARN_64_TO_32_BIT_CONVERSION = YES;
				GCC_WARN_ABOUT_RETURN_TYPE = YES_ERROR;
				GCC_WARN_UNDECLARED_SELECTOR = YES;
				GCC_WARN_UNINITIALIZED_AUTOS = YES_AGGRESSIVE;
				GCC_WARN_UNUSED_FUNCTION = YES;
				GCC_WARN_UNUSED_VARIABLE = YES;
				IPHONEOS_DEPLOYMENT_TARGET = 10.1;
				MTL_ENABLE_DEBUG_INFO = YES;
				ONLY_ACTIVE_ARCH = YES;
				SDKROOT = iphoneos;
				SWIFT_ACTIVE_COMPILATION_CONDITIONS = DEBUG;
				SWIFT_OPTIMIZATION_LEVEL = "-Onone";
			};
			name = Debug;
		};
		8A247B3B1DEF1D5B003A3FF2 /* Release */ = {
			isa = XCBuildConfiguration;
			buildSettings = {
				ALWAYS_SEARCH_USER_PATHS = NO;
				CLANG_ANALYZER_NONNULL = YES;
				CLANG_CXX_LANGUAGE_STANDARD = "gnu++0x";
				CLANG_CXX_LIBRARY = "libc++";
				CLANG_ENABLE_MODULES = YES;
				CLANG_ENABLE_OBJC_ARC = YES;
				CLANG_WARN_BOOL_CONVERSION = YES;
				CLANG_WARN_CONSTANT_CONVERSION = YES;
				CLANG_WARN_DIRECT_OBJC_ISA_USAGE = YES_ERROR;
				CLANG_WARN_DOCUMENTATION_COMMENTS = YES;
				CLANG_WARN_EMPTY_BODY = YES;
				CLANG_WARN_ENUM_CONVERSION = YES;
				CLANG_WARN_INFINITE_RECURSION = YES;
				CLANG_WARN_INT_CONVERSION = YES;
				CLANG_WARN_OBJC_ROOT_CLASS = YES_ERROR;
				CLANG_WARN_SUSPICIOUS_MOVE = YES;
				CLANG_WARN_SUSPICIOUS_MOVES = YES;
				CLANG_WARN_UNREACHABLE_CODE = YES;
				CLANG_WARN__DUPLICATE_METHOD_MATCH = YES;
				"CODE_SIGN_IDENTITY[sdk=iphoneos*]" = "iPhone Developer";
				COPY_PHASE_STRIP = NO;
				DEBUG_INFORMATION_FORMAT = "dwarf-with-dsym";
				ENABLE_NS_ASSERTIONS = NO;
				ENABLE_STRICT_OBJC_MSGSEND = YES;
				GCC_C_LANGUAGE_STANDARD = gnu99;
				GCC_NO_COMMON_BLOCKS = YES;
				GCC_WARN_64_TO_32_BIT_CONVERSION = YES;
				GCC_WARN_ABOUT_RETURN_TYPE = YES_ERROR;
				GCC_WARN_UNDECLARED_SELECTOR = YES;
				GCC_WARN_UNINITIALIZED_AUTOS = YES_AGGRESSIVE;
				GCC_WARN_UNUSED_FUNCTION = YES;
				GCC_WARN_UNUSED_VARIABLE = YES;
				IPHONEOS_DEPLOYMENT_TARGET = 10.1;
				MTL_ENABLE_DEBUG_INFO = NO;
				SDKROOT = iphoneos;
				SWIFT_OPTIMIZATION_LEVEL = "-Owholemodule";
				VALIDATE_PRODUCT = YES;
			};
			name = Release;
		};
		8A247B3D1DEF1D5B003A3FF2 /* Debug */ = {
			isa = XCBuildConfiguration;
			baseConfigurationReference = DCBF6FFF7E22F9AF9D4A81DF /* Pods-IBFiP01ShowingAModal.debug.xcconfig */;
			buildSettings = {
				ALWAYS_EMBED_SWIFT_STANDARD_LIBRARIES = YES;
				ASSETCATALOG_COMPILER_APPICON_NAME = AppIcon;
				INFOPLIST_FILE = IBFiP01ShowingAModal/Info.plist;
				LD_RUNPATH_SEARCH_PATHS = "$(inherited) @executable_path/Frameworks";
				PRODUCT_BUNDLE_IDENTIFIER = com.raizlabs.IBFiP01ShowingAModal;
				PRODUCT_NAME = "$(TARGET_NAME)";
				SWIFT_VERSION = 3.0;
			};
			name = Debug;
		};
		8A247B3E1DEF1D5B003A3FF2 /* Release */ = {
			isa = XCBuildConfiguration;
			baseConfigurationReference = 426570B72415495F160EA1D0 /* Pods-IBFiP01ShowingAModal.release.xcconfig */;
			buildSettings = {
				ALWAYS_EMBED_SWIFT_STANDARD_LIBRARIES = YES;
				ASSETCATALOG_COMPILER_APPICON_NAME = AppIcon;
				INFOPLIST_FILE = IBFiP01ShowingAModal/Info.plist;
				LD_RUNPATH_SEARCH_PATHS = "$(inherited) @executable_path/Frameworks";
				PRODUCT_BUNDLE_IDENTIFIER = com.raizlabs.IBFiP01ShowingAModal;
				PRODUCT_NAME = "$(TARGET_NAME)";
				SWIFT_VERSION = 3.0;
			};
			name = Release;
		};
/* End XCBuildConfiguration section */

/* Begin XCConfigurationList section */
		8A247B251DEF1D5B003A3FF2 /* Build configuration list for PBXProject "IBFiP01ShowingAModal" */ = {
			isa = XCConfigurationList;
			buildConfigurations = (
				8A247B3A1DEF1D5B003A3FF2 /* Debug */,
				8A247B3B1DEF1D5B003A3FF2 /* Release */,
			);
			defaultConfigurationIsVisible = 0;
			defaultConfigurationName = Release;
		};
		8A247B3C1DEF1D5B003A3FF2 /* Build configuration list for PBXNativeTarget "IBFiP01ShowingAModal" */ = {
			isa = XCConfigurationList;
			buildConfigurations = (
				8A247B3D1DEF1D5B003A3FF2 /* Debug */,
				8A247B3E1DEF1D5B003A3FF2 /* Release */,
			);
			defaultConfigurationIsVisible = 0;
			defaultConfigurationName = Release;
		};
/* End XCConfigurationList section */
	};
	rootObject = 8A247B221DEF1D5B003A3FF2 /* Project object */;
}
