// !$*UTF8*$!
{
	archiveVersion = 1;
	classes = {
	};
	objectVersion = 46;
	objects = {

/* Begin PBXBuildFile section */
		484B62F4400C82B7FB34E396 /* Pods_IBFiP01ShowingAModal.framework in Frameworks */ = {isa = PBXBuildFile; fileRef = CBF289229CABC2B8A53C3963 /* Pods_IBFiP01ShowingAModal.framework */; };
		8A456B251DEC8B58006F103C /* AppDelegate.swift in Sources */ = {isa = PBXBuildFile; fileRef = 8A456B241DEC8B58006F103C /* AppDelegate.swift */; };
		8A456B2C1DEC8B58006F103C /* Assets.xcassets in Resources */ = {isa = PBXBuildFile; fileRef = 8A456B2B1DEC8B58006F103C /* Assets.xcassets */; };
		8A456B2F1DEC8B58006F103C /* LaunchScreen.storyboard in Resources */ = {isa = PBXBuildFile; fileRef = 8A456B2D1DEC8B58006F103C /* LaunchScreen.storyboard */; };
		8A456B371DEC8BD8006F103C /* HomeViewController.swift in Sources */ = {isa = PBXBuildFile; fileRef = 8A456B361DEC8BD8006F103C /* HomeViewController.swift */; };
		8A651A321DEC90E300BE7189 /* XiblessResponders.swift in Sources */ = {isa = PBXBuildFile; fileRef = 8A651A311DEC90E300BE7189 /* XiblessResponders.swift */; };
		8A651A341DEC923E00BE7189 /* TestXiblessView.swift in Sources */ = {isa = PBXBuildFile; fileRef = 8A651A331DEC923E00BE7189 /* TestXiblessView.swift */; };
/* End PBXBuildFile section */

/* Begin PBXFileReference section */
		6775E784923B97A4B8485A3C /* Pods-IBFiP01ShowingAModal.debug.xcconfig */ = {isa = PBXFileReference; includeInIndex = 1; lastKnownFileType = text.xcconfig; name = "Pods-IBFiP01ShowingAModal.debug.xcconfig"; path = "Pods/Target Support Files/Pods-IBFiP01ShowingAModal/Pods-IBFiP01ShowingAModal.debug.xcconfig"; sourceTree = "<group>"; };
		8A456B211DEC8B58006F103C /* IBFiP01ShowingAModal.app */ = {isa = PBXFileReference; explicitFileType = wrapper.application; includeInIndex = 0; path = IBFiP01ShowingAModal.app; sourceTree = BUILT_PRODUCTS_DIR; };
		8A456B241DEC8B58006F103C /* AppDelegate.swift */ = {isa = PBXFileReference; lastKnownFileType = sourcecode.swift; path = AppDelegate.swift; sourceTree = "<group>"; };
		8A456B2B1DEC8B58006F103C /* Assets.xcassets */ = {isa = PBXFileReference; lastKnownFileType = folder.assetcatalog; path = Assets.xcassets; sourceTree = "<group>"; };
		8A456B2E1DEC8B58006F103C /* Base */ = {isa = PBXFileReference; lastKnownFileType = file.storyboard; name = Base; path = Base.lproj/LaunchScreen.storyboard; sourceTree = "<group>"; };
		8A456B301DEC8B58006F103C /* Info.plist */ = {isa = PBXFileReference; lastKnownFileType = text.plist.xml; path = Info.plist; sourceTree = "<group>"; };
		8A456B361DEC8BD8006F103C /* HomeViewController.swift */ = {isa = PBXFileReference; fileEncoding = 4; lastKnownFileType = sourcecode.swift; path = HomeViewController.swift; sourceTree = "<group>"; };
		8A651A311DEC90E300BE7189 /* XiblessResponders.swift */ = {isa = PBXFileReference; fileEncoding = 4; lastKnownFileType = sourcecode.swift; path = XiblessResponders.swift; sourceTree = "<group>"; };
		8A651A331DEC923E00BE7189 /* TestXiblessView.swift */ = {isa = PBXFileReference; fileEncoding = 4; lastKnownFileType = sourcecode.swift; path = TestXiblessView.swift; sourceTree = "<group>"; };
		B75CA7088FBA1EDDAC36E63F /* Pods-IBFiP01ShowingAModal.release.xcconfig */ = {isa = PBXFileReference; includeInIndex = 1; lastKnownFileType = text.xcconfig; name = "Pods-IBFiP01ShowingAModal.release.xcconfig"; path = "Pods/Target Support Files/Pods-IBFiP01ShowingAModal/Pods-IBFiP01ShowingAModal.release.xcconfig"; sourceTree = "<group>"; };
		CBF289229CABC2B8A53C3963 /* Pods_IBFiP01ShowingAModal.framework */ = {isa = PBXFileReference; explicitFileType = wrapper.framework; includeInIndex = 0; path = Pods_IBFiP01ShowingAModal.framework; sourceTree = BUILT_PRODUCTS_DIR; };
/* End PBXFileReference section */

/* Begin PBXFrameworksBuildPhase section */
		8A456B1E1DEC8B58006F103C /* Frameworks */ = {
			isa = PBXFrameworksBuildPhase;
			buildActionMask = 2147483647;
			files = (
				484B62F4400C82B7FB34E396 /* Pods_IBFiP01ShowingAModal.framework in Frameworks */,
			);
			runOnlyForDeploymentPostprocessing = 0;
		};
/* End PBXFrameworksBuildPhase section */

/* Begin PBXGroup section */
		8A456B181DEC8B58006F103C = {
			isa = PBXGroup;
			children = (
				8A456B231DEC8B58006F103C /* IBFiP01ShowingAModal */,
				8A456B221DEC8B58006F103C /* Products */,
				E16CD3BA1C0F58BC67E4F425 /* Pods */,
				CB2961DD14AD6DB0B8273239 /* Frameworks */,
			);
			sourceTree = "<group>";
		};
		8A456B221DEC8B58006F103C /* Products */ = {
			isa = PBXGroup;
			children = (
				8A456B211DEC8B58006F103C /* IBFiP01ShowingAModal.app */,
			);
			name = Products;
			sourceTree = "<group>";
		};
		8A456B231DEC8B58006F103C /* IBFiP01ShowingAModal */ = {
			isa = PBXGroup;
			children = (
				8A456B241DEC8B58006F103C /* AppDelegate.swift */,
				8A456B2B1DEC8B58006F103C /* Assets.xcassets */,
				8A456B2D1DEC8B58006F103C /* LaunchScreen.storyboard */,
				8A456B301DEC8B58006F103C /* Info.plist */,
				8A456B361DEC8BD8006F103C /* HomeViewController.swift */,
				8A651A311DEC90E300BE7189 /* XiblessResponders.swift */,
				8A651A331DEC923E00BE7189 /* TestXiblessView.swift */,
			);
			path = IBFiP01ShowingAModal;
			sourceTree = "<group>";
		};
		CB2961DD14AD6DB0B8273239 /* Frameworks */ = {
			isa = PBXGroup;
			children = (
				CBF289229CABC2B8A53C3963 /* Pods_IBFiP01ShowingAModal.framework */,
			);
			name = Frameworks;
			sourceTree = "<group>";
		};
		E16CD3BA1C0F58BC67E4F425 /* Pods */ = {
			isa = PBXGroup;
			children = (
				6775E784923B97A4B8485A3C /* Pods-IBFiP01ShowingAModal.debug.xcconfig */,
				B75CA7088FBA1EDDAC36E63F /* Pods-IBFiP01ShowingAModal.release.xcconfig */,
			);
			name = Pods;
			sourceTree = "<group>";
		};
/* End PBXGroup section */

/* Begin PBXNativeTarget section */
		8A456B201DEC8B58006F103C /* IBFiP01ShowingAModal */ = {
			isa = PBXNativeTarget;
			buildConfigurationList = 8A456B331DEC8B58006F103C /* Build configuration list for PBXNativeTarget "IBFiP01ShowingAModal" */;
			buildPhases = (
				F8901E0EE24583ABB17A285E /* [CP] Check Pods Manifest.lock */,
				8A456B1D1DEC8B58006F103C /* Sources */,
				8A456B1E1DEC8B58006F103C /* Frameworks */,
				8A456B1F1DEC8B58006F103C /* Resources */,
				40BAA8CABDC311668212233F /* [CP] Embed Pods Frameworks */,
				BA640336AE6EB8679376AEC4 /* [CP] Copy Pods Resources */,
			);
			buildRules = (
			);
			dependencies = (
			);
			name = IBFiP01ShowingAModal;
			productName = IBFiP01ShowingAModal;
			productReference = 8A456B211DEC8B58006F103C /* IBFiP01ShowingAModal.app */;
			productType = "com.apple.product-type.application";
		};
/* End PBXNativeTarget section */

/* Begin PBXProject section */
		8A456B191DEC8B58006F103C /* Project object */ = {
			isa = PBXProject;
			attributes = {
				LastSwiftUpdateCheck = 0810;
				LastUpgradeCheck = 0810;
				ORGANIZATIONNAME = Raizlabs;
				TargetAttributes = {
					8A456B201DEC8B58006F103C = {
						CreatedOnToolsVersion = 8.1;
						ProvisioningStyle = Automatic;
					};
				};
			};
			buildConfigurationList = 8A456B1C1DEC8B58006F103C /* Build configuration list for PBXProject "IBFiP01ShowingAModal" */;
			compatibilityVersion = "Xcode 3.2";
			developmentRegion = English;
			hasScannedForEncodings = 0;
			knownRegions = (
				en,
				Base,
			);
			mainGroup = 8A456B181DEC8B58006F103C;
			productRefGroup = 8A456B221DEC8B58006F103C /* Products */;
			projectDirPath = "";
			projectRoot = "";
			targets = (
				8A456B201DEC8B58006F103C /* IBFiP01ShowingAModal */,
			);
		};
/* End PBXProject section */

/* Begin PBXResourcesBuildPhase section */
		8A456B1F1DEC8B58006F103C /* Resources */ = {
			isa = PBXResourcesBuildPhase;
			buildActionMask = 2147483647;
			files = (
				8A456B2F1DEC8B58006F103C /* LaunchScreen.storyboard in Resources */,
				8A456B2C1DEC8B58006F103C /* Assets.xcassets in Resources */,
			);
			runOnlyForDeploymentPostprocessing = 0;
		};
/* End PBXResourcesBuildPhase section */

/* Begin PBXShellScriptBuildPhase section */
		40BAA8CABDC311668212233F /* [CP] Embed Pods Frameworks */ = {
			isa = PBXShellScriptBuildPhase;
			buildActionMask = 2147483647;
			files = (
			);
			inputPaths = (
			);
			name = "[CP] Embed Pods Frameworks";
			outputPaths = (
			);
			runOnlyForDeploymentPostprocessing = 0;
			shellPath = /bin/sh;
			shellScript = "\"${SRCROOT}/Pods/Target Support Files/Pods-IBFiP01ShowingAModal/Pods-IBFiP01ShowingAModal-frameworks.sh\"\n";
			showEnvVarsInLog = 0;
		};
		BA640336AE6EB8679376AEC4 /* [CP] Copy Pods Resources */ = {
			isa = PBXShellScriptBuildPhase;
			buildActionMask = 2147483647;
			files = (
			);
			inputPaths = (
			);
			name = "[CP] Copy Pods Resources";
			outputPaths = (
			);
			runOnlyForDeploymentPostprocessing = 0;
			shellPath = /bin/sh;
			shellScript = "\"${SRCROOT}/Pods/Target Support Files/Pods-IBFiP01ShowingAModal/Pods-IBFiP01ShowingAModal-resources.sh\"\n";
			showEnvVarsInLog = 0;
		};
		F8901E0EE24583ABB17A285E /* [CP] Check Pods Manifest.lock */ = {
			isa = PBXShellScriptBuildPhase;
			buildActionMask = 2147483647;
			files = (
			);
			inputPaths = (
			);
			name = "[CP] Check Pods Manifest.lock";
			outputPaths = (
			);
			runOnlyForDeploymentPostprocessing = 0;
			shellPath = /bin/sh;
			shellScript = "diff \"${PODS_ROOT}/../Podfile.lock\" \"${PODS_ROOT}/Manifest.lock\" > /dev/null\nif [ $? != 0 ] ; then\n    # print error to STDERR\n    echo \"error: The sandbox is not in sync with the Podfile.lock. Run 'pod install' or update your CocoaPods installation.\" >&2\n    exit 1\nfi\n";
			showEnvVarsInLog = 0;
		};
/* End PBXShellScriptBuildPhase section */

/* Begin PBXSourcesBuildPhase section */
		8A456B1D1DEC8B58006F103C /* Sources */ = {
			isa = PBXSourcesBuildPhase;
			buildActionMask = 2147483647;
			files = (
				8A651A321DEC90E300BE7189 /* XiblessResponders.swift in Sources */,
				8A651A341DEC923E00BE7189 /* TestXiblessView.swift in Sources */,
				8A456B251DEC8B58006F103C /* AppDelegate.swift in Sources */,
				8A456B371DEC8BD8006F103C /* HomeViewController.swift in Sources */,
			);
			runOnlyForDeploymentPostprocessing = 0;
		};
/* End PBXSourcesBuildPhase section */

/* Begin PBXVariantGroup section */
		8A456B2D1DEC8B58006F103C /* LaunchScreen.storyboard */ = {
			isa = PBXVariantGroup;
			children = (
				8A456B2E1DEC8B58006F103C /* Base */,
			);
			name = LaunchScreen.storyboard;
			sourceTree = "<group>";
		};
/* End PBXVariantGroup section */

/* Begin XCBuildConfiguration section */
		8A456B311DEC8B58006F103C /* Debug */ = {
			isa = XCBuildConfiguration;
			buildSettings = {
				ALWAYS_SEARCH_USER_PATHS = NO;
				CLANG_ANALYZER_NONNULL = YES;
				CLANG_CXX_LANGUAGE_STANDARD = "gnu++0x";
				CLANG_CXX_LIBRARY = "libc++";
				CLANG_ENABLE_MODULES = YES;
				CLANG_ENABLE_OBJC_ARC = YES;
				CLANG_WARN_BOOL_CONVERSION = YES;
				CLANG_WARN_CONSTANT_CONVERSION = YES;
				CLANG_WARN_DIRECT_OBJC_ISA_USAGE = YES_ERROR;
				CLANG_WARN_DOCUMENTATION_COMMENTS = YES;
				CLANG_WARN_EMPTY_BODY = YES;
				CLANG_WARN_ENUM_CONVERSION = YES;
				CLANG_WARN_INFINITE_RECURSION = YES;
				CLANG_WARN_INT_CONVERSION = YES;
				CLANG_WARN_OBJC_ROOT_CLASS = YES_ERROR;
				CLANG_WARN_SUSPICIOUS_MOVES = YES;
				CLANG_WARN_UNREACHABLE_CODE = YES;
				CLANG_WARN__DUPLICATE_METHOD_MATCH = YES;
				"CODE_SIGN_IDENTITY[sdk=iphoneos*]" = "iPhone Developer";
				COPY_PHASE_STRIP = NO;
				DEBUG_INFORMATION_FORMAT = dwarf;
				ENABLE_STRICT_OBJC_MSGSEND = YES;
				ENABLE_TESTABILITY = YES;
				GCC_C_LANGUAGE_STANDARD = gnu99;
				GCC_DYNAMIC_NO_PIC = NO;
				GCC_NO_COMMON_BLOCKS = YES;
				GCC_OPTIMIZATION_LEVEL = 0;
				GCC_PREPROCESSOR_DEFINITIONS = (
					"DEBUG=1",
					"$(inherited)",
				);
				GCC_WARN_64_TO_32_BIT_CONVERSION = YES;
				GCC_WARN_ABOUT_RETURN_TYPE = YES_ERROR;
				GCC_WARN_UNDECLARED_SELECTOR = YES;
				GCC_WARN_UNINITIALIZED_AUTOS = YES_AGGRESSIVE;
				GCC_WARN_UNUSED_FUNCTION = YES;
				GCC_WARN_UNUSED_VARIABLE = YES;
				IPHONEOS_DEPLOYMENT_TARGET = 10.1;
				MTL_ENABLE_DEBUG_INFO = YES;
				ONLY_ACTIVE_ARCH = YES;
				SDKROOT = iphoneos;
				SWIFT_ACTIVE_COMPILATION_CONDITIONS = DEBUG;
				SWIFT_OPTIMIZATION_LEVEL = "-Onone";
			};
			name = Debug;
		};
		8A456B321DEC8B58006F103C /* Release */ = {
			isa = XCBuildConfiguration;
			buildSettings = {
				ALWAYS_SEARCH_USER_PATHS = NO;
				CLANG_ANALYZER_NONNULL = YES;
				CLANG_CXX_LANGUAGE_STANDARD = "gnu++0x";
				CLANG_CXX_LIBRARY = "libc++";
				CLANG_ENABLE_MODULES = YES;
				CLANG_ENABLE_OBJC_ARC = YES;
				CLANG_WARN_BOOL_CONVERSION = YES;
				CLANG_WARN_CONSTANT_CONVERSION = YES;
				CLANG_WARN_DIRECT_OBJC_ISA_USAGE = YES_ERROR;
				CLANG_WARN_DOCUMENTATION_COMMENTS = YES;
				CLANG_WARN_EMPTY_BODY = YES;
				CLANG_WARN_ENUM_CONVERSION = YES;
				CLANG_WARN_INFINITE_RECURSION = YES;
				CLANG_WARN_INT_CONVERSION = YES;
				CLANG_WARN_OBJC_ROOT_CLASS = YES_ERROR;
				CLANG_WARN_SUSPICIOUS_MOVES = YES;
				CLANG_WARN_UNREACHABLE_CODE = YES;
				CLANG_WARN__DUPLICATE_METHOD_MATCH = YES;
				"CODE_SIGN_IDENTITY[sdk=iphoneos*]" = "iPhone Developer";
				COPY_PHASE_STRIP = NO;
				DEBUG_INFORMATION_FORMAT = "dwarf-with-dsym";
				ENABLE_NS_ASSERTIONS = NO;
				ENABLE_STRICT_OBJC_MSGSEND = YES;
				GCC_C_LANGUAGE_STANDARD = gnu99;
				GCC_NO_COMMON_BLOCKS = YES;
				GCC_WARN_64_TO_32_BIT_CONVERSION = YES;
				GCC_WARN_ABOUT_RETURN_TYPE = YES_ERROR;
				GCC_WARN_UNDECLARED_SELECTOR = YES;
				GCC_WARN_UNINITIALIZED_AUTOS = YES_AGGRESSIVE;
				GCC_WARN_UNUSED_FUNCTION = YES;
				GCC_WARN_UNUSED_VARIABLE = YES;
				IPHONEOS_DEPLOYMENT_TARGET = 10.1;
				MTL_ENABLE_DEBUG_INFO = NO;
				SDKROOT = iphoneos;
				SWIFT_OPTIMIZATION_LEVEL = "-Owholemodule";
				VALIDATE_PRODUCT = YES;
			};
			name = Release;
		};
		8A456B341DEC8B58006F103C /* Debug */ = {
			isa = XCBuildConfiguration;
			baseConfigurationReference = 6775E784923B97A4B8485A3C /* Pods-IBFiP01ShowingAModal.debug.xcconfig */;
			buildSettings = {
				ASSETCATALOG_COMPILER_APPICON_NAME = AppIcon;
				DEVELOPMENT_TEAM = "";
				INFOPLIST_FILE = IBFiP01ShowingAModal/Info.plist;
				LD_RUNPATH_SEARCH_PATHS = "$(inherited) @executable_path/Frameworks";
				PRODUCT_BUNDLE_IDENTIFIER = com.raizlabs.IBFiP01ShowingAModal;
				PRODUCT_NAME = "$(TARGET_NAME)";
				SWIFT_VERSION = 3.0;
			};
			name = Debug;
		};
		8A456B351DEC8B58006F103C /* Release */ = {
			isa = XCBuildConfiguration;
			baseConfigurationReference = B75CA7088FBA1EDDAC36E63F /* Pods-IBFiP01ShowingAModal.release.xcconfig */;
			buildSettings = {
				ASSETCATALOG_COMPILER_APPICON_NAME = AppIcon;
				DEVELOPMENT_TEAM = "";
				INFOPLIST_FILE = IBFiP01ShowingAModal/Info.plist;
				LD_RUNPATH_SEARCH_PATHS = "$(inherited) @executable_path/Frameworks";
				PRODUCT_BUNDLE_IDENTIFIER = com.raizlabs.IBFiP01ShowingAModal;
				PRODUCT_NAME = "$(TARGET_NAME)";
				SWIFT_VERSION = 3.0;
			};
			name = Release;
		};
/* End XCBuildConfiguration section */

/* Begin XCConfigurationList section */
		8A456B1C1DEC8B58006F103C /* Build configuration list for PBXProject "IBFiP01ShowingAModal" */ = {
			isa = XCConfigurationList;
			buildConfigurations = (
				8A456B311DEC8B58006F103C /* Debug */,
				8A456B321DEC8B58006F103C /* Release */,
			);
			defaultConfigurationIsVisible = 0;
			defaultConfigurationName = Release;
		};
		8A456B331DEC8B58006F103C /* Build configuration list for PBXNativeTarget "IBFiP01ShowingAModal" */ = {
			isa = XCConfigurationList;
			buildConfigurations = (
				8A456B341DEC8B58006F103C /* Debug */,
				8A456B351DEC8B58006F103C /* Release */,
			);
			defaultConfigurationIsVisible = 0;
			defaultConfigurationName = Release;
		};
/* End XCConfigurationList section */
	};
	rootObject = 8A456B191DEC8B58006F103C /* Project object */;
}
